
Microsoft Visual Studio Solution File, Format Version 12.00
# Visual Studio 14
VisualStudioVersion = 14.0.25123.0
MinimumVisualStudioVersion = 10.0.40219.1
Project("{8BC9CEB8-8B4A-11D0-8D11-00A0C91BC942}") = "C1_C3", "Tsinghua_opencourse\Tsinghua_opencourse.vcxproj", "{83D84955-D265-4269-8FF5-3E05809416D5}"
EndProject
Project("{8BC9CEB8-8B4A-11D0-8D11-00A0C91BC942}") = "C_4", "C_4\C_4.vcxproj", "{B96A98F9-8140-437B-AF19-263D05AB8267}"
EndProject
Project("{8BC9CEB8-8B4A-11D0-8D11-00A0C91BC942}") = "C_5", "C_5\C_5.vcxproj", "{00F72EF7-D8FF-4AF4-BE1D-5535B2F6BCE5}"
EndProject
Project("{8BC9CEB8-8B4A-11D0-8D11-00A0C91BC942}") = "C_6", "C_6\C_6.vcxproj", "{EE1A89DD-3401-4FF0-A2AE-D430E3BA940F}"
EndProject
Project("{8BC9CEB8-8B4A-11D0-8D11-00A0C91BC942}") = "C_7", "C_7\C_7.vcxproj", "{02365DA9-BE78-4822-AF76-1EC975DE5289}"
EndProject
Global
	GlobalSection(SolutionConfigurationPlatforms) = preSolution
		Debug|x64 = Debug|x64
		Debug|x86 = Debug|x86
		Release|x64 = Release|x64
		Release|x86 = Release|x86
	EndGlobalSection
	GlobalSection(ProjectConfigurationPlatforms) = postSolution
		{83D84955-D265-4269-8FF5-3E05809416D5}.Debug|x64.ActiveCfg = Debug|x64
		{83D84955-D265-4269-8FF5-3E05809416D5}.Debug|x64.Build.0 = Debug|x64
		{83D84955-D265-4269-8FF5-3E05809416D5}.Debug|x86.ActiveCfg = Debug|Win32
		{83D84955-D265-4269-8FF5-3E05809416D5}.Release|x64.ActiveCfg = Release|x64
		{83D84955-D265-4269-8FF5-3E05809416D5}.Release|x64.Build.0 = Release|x64
		{83D84955-D265-4269-8FF5-3E05809416D5}.Release|x86.ActiveCfg = Release|Win32
		{83D84955-D265-4269-8FF5-3E05809416D5}.Release|x86.Build.0 = Release|Win32
		{B96A98F9-8140-437B-AF19-263D05AB8267}.Debug|x64.ActiveCfg = Debug|x64
		{B96A98F9-8140-437B-AF19-263D05AB8267}.Debug|x64.Build.0 = Debug|x64
		{B96A98F9-8140-437B-AF19-263D05AB8267}.Debug|x86.ActiveCfg = Debug|Win32
		{B96A98F9-8140-437B-AF19-263D05AB8267}.Debug|x86.Build.0 = Debug|Win32
		{B96A98F9-8140-437B-AF19-263D05AB8267}.Release|x64.ActiveCfg = Release|x64
		{B96A98F9-8140-437B-AF19-263D05AB8267}.Release|x64.Build.0 = Release|x64
		{B96A98F9-8140-437B-AF19-263D05AB8267}.Release|x86.ActiveCfg = Release|Win32
		{B96A98F9-8140-437B-AF19-263D05AB8267}.Release|x86.Build.0 = Release|Win32
		{00F72EF7-D8FF-4AF4-BE1D-5535B2F6BCE5}.Debug|x64.ActiveCfg = Debug|x64
		{00F72EF7-D8FF-4AF4-BE1D-5535B2F6BCE5}.Debug|x64.Build.0 = Debug|x64
		{00F72EF7-D8FF-4AF4-BE1D-5535B2F6BCE5}.Debug|x86.ActiveCfg = Debug|Win32
		{00F72EF7-D8FF-4AF4-BE1D-5535B2F6BCE5}.Debug|x86.Build.0 = Debug|Win32
		{00F72EF7-D8FF-4AF4-BE1D-5535B2F6BCE5}.Release|x64.ActiveCfg = Release|x64
		{00F72EF7-D8FF-4AF4-BE1D-5535B2F6BCE5}.Release|x64.Build.0 = Release|x64
		{00F72EF7-D8FF-4AF4-BE1D-5535B2F6BCE5}.Release|x86.ActiveCfg = Release|Win32
		{00F72EF7-D8FF-4AF4-BE1D-5535B2F6BCE5}.Release|x86.Build.0 = Release|Win32
		{EE1A89DD-3401-4FF0-A2AE-D430E3BA940F}.Debug|x64.ActiveCfg = Debug|x64
		{EE1A89DD-3401-4FF0-A2AE-D430E3BA940F}.Debug|x64.Build.0 = Debug|x64
		{EE1A89DD-3401-4FF0-A2AE-D430E3BA940F}.Debug|x86.ActiveCfg = Debug|Win32
		{EE1A89DD-3401-4FF0-A2AE-D430E3BA940F}.Debug|x86.Build.0 = Debug|Win32
		{EE1A89DD-3401-4FF0-A2AE-D430E3BA940F}.Release|x64.ActiveCfg = Release|x64
		{EE1A89DD-3401-4FF0-A2AE-D430E3BA940F}.Release|x64.Build.0 = Release|x64
		{EE1A89DD-3401-4FF0-A2AE-D430E3BA940F}.Release|x86.ActiveCfg = Release|Win32
		{EE1A89DD-3401-4FF0-A2AE-D430E3BA940F}.Release|x86.Build.0 = Release|Win32
		{02365DA9-BE78-4822-AF76-1EC975DE5289}.Debug|x64.ActiveCfg = Debug|x64
		{02365DA9-BE78-4822-AF76-1EC975DE5289}.Debug|x64.Build.0 = Debug|x64
		{02365DA9-BE78-4822-AF76-1EC975DE5289}.Debug|x86.ActiveCfg = Debug|Win32
		{02365DA9-BE78-4822-AF76-1EC975DE5289}.Debug|x86.Build.0 = Debug|Win32
		{02365DA9-BE78-4822-AF76-1EC975DE5289}.Release|x64.ActiveCfg = Release|x64
		{02365DA9-BE78-4822-AF76-1EC975DE5289}.Release|x64.Build.0 = Release|x64
		{02365DA9-BE78-4822-AF76-1EC975DE5289}.Release|x86.ActiveCfg = Release|Win32
		{02365DA9-BE78-4822-AF76-1EC975DE5289}.Release|x86.Build.0 = Release|Win32
	EndGlobalSection
	GlobalSection(SolutionProperties) = preSolution
		HideSolutionNode = FALSE
	EndGlobalSection
EndGlobal
